
Microsoft Visual Studio Solution File, Format Version 12.00
# Visual Studio 15
VisualStudioVersion = 15.0.28307.645
MinimumVisualStudioVersion = 10.0.40219.1
Project("{FAE04EC0-301F-11D3-BF4B-00C04F79EFBC}") = "TEST", "TEST.csproj", "{C08CA32A-F30C-480C-BC96-020365DC8FFD}"
EndProject
Global
	GlobalSection(SolutionConfigurationPlatforms) = preSolution
		Debug|Any CPU = Debug|Any CPU
		Release|Any CPU = Release|Any CPU
	EndGlobalSection
	GlobalSection(ProjectConfigurationPlatforms) = postSolution
		{C08CA32A-F30C-480C-BC96-020365DC8FFD}.Debug|Any CPU.ActiveCfg = Debug|Any CPU
		{C08CA32A-F30C-480C-BC96-020365DC8FFD}.Debug|Any CPU.Build.0 = Debug|Any CPU
		{C08CA32A-F30C-480C-BC96-020365DC8FFD}.Release|Any CPU.ActiveCfg = Release|Any CPU
		{C08CA32A-F30C-480C-BC96-020365DC8FFD}.Release|Any CPU.Build.0 = Release|Any CPU
	EndGlobalSection
	GlobalSection(SolutionProperties) = preSolution
		HideSolutionNode = FALSE
	EndGlobalSection
	GlobalSection(ExtensibilityGlobals) = postSolution
		SolutionGuid = {257F36AD-66A7-4BBB-9B1B-755A30CDF2A4}
	EndGlobalSection
EndGlobal
